// !$*UTF8*$!
{
	archiveVersion = 1;
	classes = {
	};
	objectVersion = 46;
	objects = {

/* Begin PBXBuildFile section */
		33E836CA1D6D2D4C0017F2F6 /* main.m in Sources */ = {isa = PBXBuildFile; fileRef = 33E836C91D6D2D4C0017F2F6 /* main.m */; };
		33E836CD1D6D2D4C0017F2F6 /* AppDelegate.m in Sources */ = {isa = PBXBuildFile; fileRef = 33E836CC1D6D2D4C0017F2F6 /* AppDelegate.m */; };
		33E836D01D6D2D4C0017F2F6 /* ViewController.m in Sources */ = {isa = PBXBuildFile; fileRef = 33E836CF1D6D2D4C0017F2F6 /* ViewController.m */; };
		33E836D31D6D2D4C0017F2F6 /* Main.storyboard in Resources */ = {isa = PBXBuildFile; fileRef = 33E836D11D6D2D4C0017F2F6 /* Main.storyboard */; };
		33E836D51D6D2D4C0017F2F6 /* Assets.xcassets in Resources */ = {isa = PBXBuildFile; fileRef = 33E836D41D6D2D4C0017F2F6 /* Assets.xcassets */; };
		33E836D81D6D2D4C0017F2F6 /* LaunchScreen.storyboard in Resources */ = {isa = PBXBuildFile; fileRef = 33E836D61D6D2D4C0017F2F6 /* LaunchScreen.storyboard */; };
		33E836E11D6D2F0C0017F2F6 /* PSWebViewController.m in Sources */ = {isa = PBXBuildFile; fileRef = 33E836E01D6D2F0C0017F2F6 /* PSWebViewController.m */; };
		33E836E41D6D30080017F2F6 /* JsObjcBridge.m in Sources */ = {isa = PBXBuildFile; fileRef = 33E836E31D6D30080017F2F6 /* JsObjcBridge.m */; };
		33E836E61D6D30D40017F2F6 /* JavaScriptCore.framework in Frameworks */ = {isa = PBXBuildFile; fileRef = 33E836E51D6D30D40017F2F6 /* JavaScriptCore.framework */; };
		33F3C6241D6E814C00F5D253 /* test.html in Resources */ = {isa = PBXBuildFile; fileRef = 33F3C6231D6E814C00F5D253 /* test.html */; };
		33F3C6271D6ED8C100F5D253 /* NewViewController.m in Sources */ = {isa = PBXBuildFile; fileRef = 33F3C6261D6ED8C100F5D253 /* NewViewController.m */; };
/* End PBXBuildFile section */

/* Begin PBXFileReference section */
		33E836C51D6D2D4C0017F2F6 /* JSandNative.app */ = {isa = PBXFileReference; explicitFileType = wrapper.application; includeInIndex = 0; path = JSandNative.app; sourceTree = BUILT_PRODUCTS_DIR; };
		33E836C91D6D2D4C0017F2F6 /* main.m */ = {isa = PBXFileReference; lastKnownFileType = sourcecode.c.objc; path = main.m; sourceTree = "<group>"; };
		33E836CB1D6D2D4C0017F2F6 /* AppDelegate.h */ = {isa = PBXFileReference; lastKnownFileType = sourcecode.c.h; path = AppDelegate.h; sourceTree = "<group>"; };
		33E836CC1D6D2D4C0017F2F6 /* AppDelegate.m */ = {isa = PBXFileReference; lastKnownFileType = sourcecode.c.objc; path = AppDelegate.m; sourceTree = "<group>"; };
		33E836CE1D6D2D4C0017F2F6 /* ViewController.h */ = {isa = PBXFileReference; lastKnownFileType = sourcecode.c.h; path = ViewController.h; sourceTree = "<group>"; };
		33E836CF1D6D2D4C0017F2F6 /* ViewController.m */ = {isa = PBXFileReference; lastKnownFileType = sourcecode.c.objc; path = ViewController.m; sourceTree = "<group>"; };
		33E836D21D6D2D4C0017F2F6 /* Base */ = {isa = PBXFileReference; lastKnownFileType = file.storyboard; name = Base; path = Base.lproj/Main.storyboard; sourceTree = "<group>"; };
		33E836D41D6D2D4C0017F2F6 /* Assets.xcassets */ = {isa = PBXFileReference; lastKnownFileType = folder.assetcatalog; path = Assets.xcassets; sourceTree = "<group>"; };
		33E836D71D6D2D4C0017F2F6 /* Base */ = {isa = PBXFileReference; lastKnownFileType = file.storyboard; name = Base; path = Base.lproj/LaunchScreen.storyboard; sourceTree = "<group>"; };
		33E836D91D6D2D4C0017F2F6 /* Info.plist */ = {isa = PBXFileReference; lastKnownFileType = text.plist.xml; path = Info.plist; sourceTree = "<group>"; };
		33E836DF1D6D2F0C0017F2F6 /* PSWebViewController.h */ = {isa = PBXFileReference; fileEncoding = 4; lastKnownFileType = sourcecode.c.h; path = PSWebViewController.h; sourceTree = "<group>"; };
		33E836E01D6D2F0C0017F2F6 /* PSWebViewController.m */ = {isa = PBXFileReference; fileEncoding = 4; lastKnownFileType = sourcecode.c.objc; path = PSWebViewController.m; sourceTree = "<group>"; };
		33E836E21D6D30080017F2F6 /* JsObjcBridge.h */ = {isa = PBXFileReference; fileEncoding = 4; lastKnownFileType = sourcecode.c.h; path = JsObjcBridge.h; sourceTree = "<group>"; };
		33E836E31D6D30080017F2F6 /* JsObjcBridge.m */ = {isa = PBXFileReference; fileEncoding = 4; lastKnownFileType = sourcecode.c.objc; path = JsObjcBridge.m; sourceTree = "<group>"; };
		33E836E51D6D30D40017F2F6 /* JavaScriptCore.framework */ = {isa = PBXFileReference; lastKnownFileType = wrapper.framework; name = JavaScriptCore.framework; path = System/Library/Frameworks/JavaScriptCore.framework; sourceTree = SDKROOT; };
		33F3C6231D6E814C00F5D253 /* test.html */ = {isa = PBXFileReference; fileEncoding = 4; lastKnownFileType = text.html; path = test.html; sourceTree = "<group>"; };
		33F3C6251D6ED8C100F5D253 /* NewViewController.h */ = {isa = PBXFileReference; fileEncoding = 4; lastKnownFileType = sourcecode.c.h; path = NewViewController.h; sourceTree = "<group>"; };
		33F3C6261D6ED8C100F5D253 /* NewViewController.m */ = {isa = PBXFileReference; fileEncoding = 4; lastKnownFileType = sourcecode.c.objc; path = NewViewController.m; sourceTree = "<group>"; };
/* End PBXFileReference section */

/* Begin PBXFrameworksBuildPhase section */
		33E836C21D6D2D4C0017F2F6 /* Frameworks */ = {
			isa = PBXFrameworksBuildPhase;
			buildActionMask = 2147483647;
			files = (
				33E836E61D6D30D40017F2F6 /* JavaScriptCore.framework in Frameworks */,
			);
			runOnlyForDeploymentPostprocessing = 0;
		};
/* End PBXFrameworksBuildPhase section */

/* Begin PBXGroup section */
		33E836BC1D6D2D4C0017F2F6 = {
			isa = PBXGroup;
			children = (
				33E836E51D6D30D40017F2F6 /* JavaScriptCore.framework */,
				33E836C71D6D2D4C0017F2F6 /* JSandNative */,
				33E836C61D6D2D4C0017F2F6 /* Products */,
			);
			sourceTree = "<group>";
		};
		33E836C61D6D2D4C0017F2F6 /* Products */ = {
			isa = PBXGroup;
			children = (
				33E836C51D6D2D4C0017F2F6 /* JSandNative.app */,
			);
			name = Products;
			sourceTree = "<group>";
		};
		33E836C71D6D2D4C0017F2F6 /* JSandNative */ = {
			isa = PBXGroup;
			children = (
				33F3C6231D6E814C00F5D253 /* test.html */,
				33E836CB1D6D2D4C0017F2F6 /* AppDelegate.h */,
				33E836CC1D6D2D4C0017F2F6 /* AppDelegate.m */,
				33E836CE1D6D2D4C0017F2F6 /* ViewController.h */,
				33E836CF1D6D2D4C0017F2F6 /* ViewController.m */,
				33E836DF1D6D2F0C0017F2F6 /* PSWebViewController.h */,
				33E836E01D6D2F0C0017F2F6 /* PSWebViewController.m */,
				33E836E21D6D30080017F2F6 /* JsObjcBridge.h */,
				33E836E31D6D30080017F2F6 /* JsObjcBridge.m */,
				33F3C6251D6ED8C100F5D253 /* NewViewController.h */,
				33F3C6261D6ED8C100F5D253 /* NewViewController.m */,
				33E836D11D6D2D4C0017F2F6 /* Main.storyboard */,
				33E836D41D6D2D4C0017F2F6 /* Assets.xcassets */,
				33E836D61D6D2D4C0017F2F6 /* LaunchScreen.storyboard */,
				33E836D91D6D2D4C0017F2F6 /* Info.plist */,
				33E836C81D6D2D4C0017F2F6 /* Supporting Files */,
			);
			path = JSandNative;
			sourceTree = "<group>";
		};
		33E836C81D6D2D4C0017F2F6 /* Supporting Files */ = {
			isa = PBXGroup;
			children = (
				33E836C91D6D2D4C0017F2F6 /* main.m */,
			);
			name = "Supporting Files";
			sourceTree = "<group>";
		};
/* End PBXGroup section */

/* Begin PBXNativeTarget section */
		33E836C41D6D2D4C0017F2F6 /* JSandNative */ = {
			isa = PBXNativeTarget;
			buildConfigurationList = 33E836DC1D6D2D4C0017F2F6 /* Build configuration list for PBXNativeTarget "JSandNative" */;
			buildPhases = (
				33E836C11D6D2D4C0017F2F6 /* Sources */,
				33E836C21D6D2D4C0017F2F6 /* Frameworks */,
				33E836C31D6D2D4C0017F2F6 /* Resources */,
			);
			buildRules = (
			);
			dependencies = (
			);
			name = JSandNative;
			productName = JSandNative;
			productReference = 33E836C51D6D2D4C0017F2F6 /* JSandNative.app */;
			productType = "com.apple.product-type.application";
		};
/* End PBXNativeTarget section */

/* Begin PBXProject section */
		33E836BD1D6D2D4C0017F2F6 /* Project object */ = {
			isa = PBXProject;
			attributes = {
				LastUpgradeCheck = 0730;
				ORGANIZATIONNAME = MichealSun;
				TargetAttributes = {
					33E836C41D6D2D4C0017F2F6 = {
						CreatedOnToolsVersion = 7.3.1;
					};
				};
			};
			buildConfigurationList = 33E836C01D6D2D4C0017F2F6 /* Build configuration list for PBXProject "JSandNative" */;
			compatibilityVersion = "Xcode 3.2";
			developmentRegion = English;
			hasScannedForEncodings = 0;
			knownRegions = (
				en,
				Base,
			);
			mainGroup = 33E836BC1D6D2D4C0017F2F6;
			productRefGroup = 33E836C61D6D2D4C0017F2F6 /* Products */;
			projectDirPath = "";
			projectRoot = "";
			targets = (
				33E836C41D6D2D4C0017F2F6 /* JSandNative */,
			);
		};
/* End PBXProject section */

/* Begin PBXResourcesBuildPhase section */
		33E836C31D6D2D4C0017F2F6 /* Resources */ = {
			isa = PBXResourcesBuildPhase;
			buildActionMask = 2147483647;
			files = (
				33F3C6241D6E814C00F5D253 /* test.html in Resources */,
				33E836D81D6D2D4C0017F2F6 /* LaunchScreen.storyboard in Resources */,
				33E836D51D6D2D4C0017F2F6 /* Assets.xcassets in Resources */,
				33E836D31D6D2D4C0017F2F6 /* Main.storyboard in Resources */,
			);
			runOnlyForDeploymentPostprocessing = 0;
		};
/* End PBXResourcesBuildPhase section */

/* Begin PBXSourcesBuildPhase section */
		33E836C11D6D2D4C0017F2F6 /* Sources */ = {
			isa = PBXSourcesBuildPhase;
			buildActionMask = 2147483647;
			files = (
				33E836E11D6D2F0C0017F2F6 /* PSWebViewController.m in Sources */,
				33E836D01D6D2D4C0017F2F6 /* ViewController.m in Sources */,
				33E836CD1D6D2D4C0017F2F6 /* AppDelegate.m in Sources */,
				33F3C6271D6ED8C100F5D253 /* NewViewController.m in Sources */,
				33E836CA1D6D2D4C0017F2F6 /* main.m in Sources */,
				33E836E41D6D30080017F2F6 /* JsObjcBridge.m in Sources */,
			);
			runOnlyForDeploymentPostprocessing = 0;
		};
/* End PBXSourcesBuildPhase section */

/* Begin PBXVariantGroup section */
		33E836D11D6D2D4C0017F2F6 /* Main.storyboard */ = {
			isa = PBXVariantGroup;
			children = (
				33E836D21D6D2D4C0017F2F6 /* Base */,
			);
			name = Main.storyboard;
			sourceTree = "<group>";
		};
		33E836D61D6D2D4C0017F2F6 /* LaunchScreen.storyboard */ = {
			isa = PBXVariantGroup;
			children = (
				33E836D71D6D2D4C0017F2F6 /* Base */,
			);
			name = LaunchScreen.storyboard;
			sourceTree = "<group>";
		};
/* End PBXVariantGroup section */

/* Begin XCBuildConfiguration section */
		33E836DA1D6D2D4C0017F2F6 /* Debug */ = {
			isa = XCBuildConfiguration;
			buildSettings = {
				ALWAYS_SEARCH_USER_PATHS = NO;
				CLANG_ANALYZER_NONNULL = YES;
				CLANG_CXX_LANGUAGE_STANDARD = "gnu++0x";
				CLANG_CXX_LIBRARY = "libc++";
				CLANG_ENABLE_MODULES = YES;
				CLANG_ENABLE_OBJC_ARC = YES;
				CLANG_WARN_BOOL_CONVERSION = YES;
				CLANG_WARN_CONSTANT_CONVERSION = YES;
				CLANG_WARN_DIRECT_OBJC_ISA_USAGE = YES_ERROR;
				CLANG_WARN_EMPTY_BODY = YES;
				CLANG_WARN_ENUM_CONVERSION = YES;
				CLANG_WARN_INT_CONVERSION = YES;
				CLANG_WARN_OBJC_ROOT_CLASS = YES_ERROR;
				CLANG_WARN_UNREACHABLE_CODE = YES;
				CLANG_WARN__DUPLICATE_METHOD_MATCH = YES;
				"CODE_SIGN_IDENTITY[sdk=iphoneos*]" = "iPhone Developer";
				COPY_PHASE_STRIP = NO;
				DEBUG_INFORMATION_FORMAT = dwarf;
				ENABLE_STRICT_OBJC_MSGSEND = YES;
				ENABLE_TESTABILITY = YES;
				GCC_C_LANGUAGE_STANDARD = gnu99;
				GCC_DYNAMIC_NO_PIC = NO;
				GCC_NO_COMMON_BLOCKS = YES;
				GCC_OPTIMIZATION_LEVEL = 0;
				GCC_PREPROCESSOR_DEFINITIONS = (
					"DEBUG=1",
					"$(inherited)",
				);
				GCC_WARN_64_TO_32_BIT_CONVERSION = YES;
				GCC_WARN_ABOUT_RETURN_TYPE = YES_ERROR;
				GCC_WARN_UNDECLARED_SELECTOR = YES;
				GCC_WARN_UNINITIALIZED_AUTOS = YES_AGGRESSIVE;
				GCC_WARN_UNUSED_FUNCTION = YES;
				GCC_WARN_UNUSED_VARIABLE = YES;
				IPHONEOS_DEPLOYMENT_TARGET = 9.3;
				MTL_ENABLE_DEBUG_INFO = YES;
				ONLY_ACTIVE_ARCH = YES;
				SDKROOT = iphoneos;
			};
			name = Debug;
		};
		33E836DB1D6D2D4C0017F2F6 /* Release */ = {
			isa = XCBuildConfiguration;
			buildSettings = {
				ALWAYS_SEARCH_USER_PATHS = NO;
				CLANG_ANALYZER_NONNULL = YES;
				CLANG_CXX_LANGUAGE_STANDARD = "gnu++0x";
				CLANG_CXX_LIBRARY = "libc++";
				CLANG_ENABLE_MODULES = YES;
				CLANG_ENABLE_OBJC_ARC = YES;
				CLANG_WARN_BOOL_CONVERSION = YES;
				CLANG_WARN_CONSTANT_CONVERSION = YES;
				CLANG_WARN_DIRECT_OBJC_ISA_USAGE = YES_ERROR;
				CLANG_WARN_EMPTY_BODY = YES;
				CLANG_WARN_ENUM_CONVERSION = YES;
				CLANG_WARN_INT_CONVERSION = YES;
				CLANG_WARN_OBJC_ROOT_CLASS = YES_ERROR;
				CLANG_WARN_UNREACHABLE_CODE = YES;
				CLANG_WARN__DUPLICATE_METHOD_MATCH = YES;
				"CODE_SIGN_IDENTITY[sdk=iphoneos*]" = "iPhone Developer";
				COPY_PHASE_STRIP = NO;
				DEBUG_INFORMATION_FORMAT = "dwarf-with-dsym";
				ENABLE_NS_ASSERTIONS = NO;
				ENABLE_STRICT_OBJC_MSGSEND = YES;
				GCC_C_LANGUAGE_STANDARD = gnu99;
				GCC_NO_COMMON_BLOCKS = YES;
				GCC_WARN_64_TO_32_BIT_CONVERSION = YES;
				GCC_WARN_ABOUT_RETURN_TYPE = YES_ERROR;
				GCC_WARN_UNDECLARED_SELECTOR = YES;
				GCC_WARN_UNINITIALIZED_AUTOS = YES_AGGRESSIVE;
				GCC_WARN_UNUSED_FUNCTION = YES;
				GCC_WARN_UNUSED_VARIABLE = YES;
				IPHONEOS_DEPLOYMENT_TARGET = 9.3;
				MTL_ENABLE_DEBUG_INFO = NO;
				SDKROOT = iphoneos;
				VALIDATE_PRODUCT = YES;
			};
			name = Release;
		};
		33E836DD1D6D2D4C0017F2F6 /* Debug */ = {
			isa = XCBuildConfiguration;
			buildSettings = {
				ASSETCATALOG_COMPILER_APPICON_NAME = AppIcon;
				INFOPLIST_FILE = JSandNative/Info.plist;
				LD_RUNPATH_SEARCH_PATHS = "$(inherited) @executable_path/Frameworks";
				PRODUCT_BUNDLE_IDENTIFIER = com.GeYW.JSandNative;
				PRODUCT_NAME = "$(TARGET_NAME)";
			};
			name = Debug;
		};
		33E836DE1D6D2D4C0017F2F6 /* Release */ = {
			isa = XCBuildConfiguration;
			buildSettings = {
				ASSETCATALOG_COMPILER_APPICON_NAME = AppIcon;
				INFOPLIST_FILE = JSandNative/Info.plist;
				LD_RUNPATH_SEARCH_PATHS = "$(inherited) @executable_path/Frameworks";
				PRODUCT_BUNDLE_IDENTIFIER = com.GeYW.JSandNative;
				PRODUCT_NAME = "$(TARGET_NAME)";
			};
			name = Release;
		};
/* End XCBuildConfiguration section */

/* Begin XCConfigurationList section */
		33E836C01D6D2D4C0017F2F6 /* Build configuration list for PBXProject "JSandNative" */ = {
			isa = XCConfigurationList;
			buildConfigurations = (
				33E836DA1D6D2D4C0017F2F6 /* Debug */,
				33E836DB1D6D2D4C0017F2F6 /* Release */,
			);
			defaultConfigurationIsVisible = 0;
			defaultConfigurationName = Release;
		};
		33E836DC1D6D2D4C0017F2F6 /* Build configuration list for PBXNativeTarget "JSandNative" */ = {
			isa = XCConfigurationList;
			buildConfigurations = (
				33E836DD1D6D2D4C0017F2F6 /* Debug */,
				33E836DE1D6D2D4C0017F2F6 /* Release */,
			);
			defaultConfigurationIsVisible = 0;
			defaultConfigurationName = Release;
		};
/* End XCConfigurationList section */
	};
	rootObject = 33E836BD1D6D2D4C0017F2F6 /* Project object */;
}
